
Microsoft Visual Studio Solution File, Format Version 12.00
# Visual Studio 15
VisualStudioVersion = 15.0.27703.2018
MinimumVisualStudioVersion = 10.0.40219.1
Project("{FAE04EC0-301F-11D3-BF4B-00C04F79EFBC}") = "Ex3.Android", "Ex3\Ex3.Android\Ex3.Android.csproj", "{5D7694FD-02EC-4AD7-942F-26131048ACA3}"
EndProject
Project("{FAE04EC0-301F-11D3-BF4B-00C04F79EFBC}") = "Ex3.iOS", "Ex3\Ex3.iOS\Ex3.iOS.csproj", "{67F2E0A2-9B83-432C-B2A3-DCAF73DFF414}"
EndProject
Project("{FAE04EC0-301F-11D3-BF4B-00C04F79EFBC}") = "Ex3.UWP", "Ex3\Ex3.UWP\Ex3.UWP.csproj", "{0071D077-746D-4498-9BC9-EC3245F89874}"
EndProject
Project("{D954291E-2A0B-460D-934E-DC6B0785DB48}") = "Ex3", "Ex3\Ex3\Ex3.shproj", "{2A7365B3-AE03-4015-B14F-87ADB87F2AF5}"
EndProject
Global
	GlobalSection(SharedMSBuildProjectFiles) = preSolution
		Ex3\Ex3\Ex3.projitems*{0071d077-746d-4498-9bc9-ec3245f89874}*SharedItemsImports = 4
		Ex3\Ex3\Ex3.projitems*{2a7365b3-ae03-4015-b14f-87adb87f2af5}*SharedItemsImports = 13
		Ex3\Ex3\Ex3.projitems*{5d7694fd-02ec-4ad7-942f-26131048aca3}*SharedItemsImports = 4
		Ex3\Ex3\Ex3.projitems*{67f2e0a2-9b83-432c-b2a3-dcaf73dff414}*SharedItemsImports = 4
	EndGlobalSection
	GlobalSection(SolutionConfigurationPlatforms) = preSolution
		Ad-Hoc|Any CPU = Ad-Hoc|Any CPU
		Ad-Hoc|ARM = Ad-Hoc|ARM
		Ad-Hoc|iPhone = Ad-Hoc|iPhone
		Ad-Hoc|iPhoneSimulator = Ad-Hoc|iPhoneSimulator
		Ad-Hoc|x64 = Ad-Hoc|x64
		Ad-Hoc|x86 = Ad-Hoc|x86
		AppStore|Any CPU = AppStore|Any CPU
		AppStore|ARM = AppStore|ARM
		AppStore|iPhone = AppStore|iPhone
		AppStore|iPhoneSimulator = AppStore|iPhoneSimulator
		AppStore|x64 = AppStore|x64
		AppStore|x86 = AppStore|x86
		Debug|Any CPU = Debug|Any CPU
		Debug|ARM = Debug|ARM
		Debug|iPhone = Debug|iPhone
		Debug|iPhoneSimulator = Debug|iPhoneSimulator
		Debug|x64 = Debug|x64
		Debug|x86 = Debug|x86
		Release|Any CPU = Release|Any CPU
		Release|ARM = Release|ARM
		Release|iPhone = Release|iPhone
		Release|iPhoneSimulator = Release|iPhoneSimulator
		Release|x64 = Release|x64
		Release|x86 = Release|x86
	EndGlobalSection
	GlobalSection(ProjectConfigurationPlatforms) = postSolution
		{5D7694FD-02EC-4AD7-942F-26131048ACA3}.Ad-Hoc|Any CPU.ActiveCfg = Release|Any CPU
		{5D7694FD-02EC-4AD7-942F-26131048ACA3}.Ad-Hoc|Any CPU.Build.0 = Release|Any CPU
		{5D7694FD-02EC-4AD7-942F-26131048ACA3}.Ad-Hoc|Any CPU.Deploy.0 = Release|Any CPU
		{5D7694FD-02EC-4AD7-942F-26131048ACA3}.Ad-Hoc|ARM.ActiveCfg = Release|Any CPU
		{5D7694FD-02EC-4AD7-942F-26131048ACA3}.Ad-Hoc|ARM.Build.0 = Release|Any CPU
		{5D7694FD-02EC-4AD7-942F-26131048ACA3}.Ad-Hoc|ARM.Deploy.0 = Release|Any CPU
		{5D7694FD-02EC-4AD7-942F-26131048ACA3}.Ad-Hoc|iPhone.ActiveCfg = Release|Any CPU
		{5D7694FD-02EC-4AD7-942F-26131048ACA3}.Ad-Hoc|iPhone.Build.0 = Release|Any CPU
		{5D7694FD-02EC-4AD7-942F-26131048ACA3}.Ad-Hoc|iPhone.Deploy.0 = Release|Any CPU
		{5D7694FD-02EC-4AD7-942F-26131048ACA3}.Ad-Hoc|iPhoneSimulator.ActiveCfg = Release|Any CPU
		{5D7694FD-02EC-4AD7-942F-26131048ACA3}.Ad-Hoc|iPhoneSimulator.Build.0 = Release|Any CPU
		{5D7694FD-02EC-4AD7-942F-26131048ACA3}.Ad-Hoc|iPhoneSimulator.Deploy.0 = Release|Any CPU
		{5D7694FD-02EC-4AD7-942F-26131048ACA3}.Ad-Hoc|x64.ActiveCfg = Release|Any CPU
		{5D7694FD-02EC-4AD7-942F-26131048ACA3}.Ad-Hoc|x64.Build.0 = Release|Any CPU
		{5D7694FD-02EC-4AD7-942F-26131048ACA3}.Ad-Hoc|x64.Deploy.0 = Release|Any CPU
		{5D7694FD-02EC-4AD7-942F-26131048ACA3}.Ad-Hoc|x86.ActiveCfg = Release|Any CPU
		{5D7694FD-02EC-4AD7-942F-26131048ACA3}.Ad-Hoc|x86.Build.0 = Release|Any CPU
		{5D7694FD-02EC-4AD7-942F-26131048ACA3}.Ad-Hoc|x86.Deploy.0 = Release|Any CPU
		{5D7694FD-02EC-4AD7-942F-26131048ACA3}.AppStore|Any CPU.ActiveCfg = Release|Any CPU
		{5D7694FD-02EC-4AD7-942F-26131048ACA3}.AppStore|Any CPU.Build.0 = Release|Any CPU
		{5D7694FD-02EC-4AD7-942F-26131048ACA3}.AppStore|Any CPU.Deploy.0 = Release|Any CPU
		{5D7694FD-02EC-4AD7-942F-26131048ACA3}.AppStore|ARM.ActiveCfg = Release|Any CPU
		{5D7694FD-02EC-4AD7-942F-26131048ACA3}.AppStore|ARM.Build.0 = Release|Any CPU
		{5D7694FD-02EC-4AD7-942F-26131048ACA3}.AppStore|ARM.Deploy.0 = Release|Any CPU
		{5D7694FD-02EC-4AD7-942F-26131048ACA3}.AppStore|iPhone.ActiveCfg = Release|Any CPU
		{5D7694FD-02EC-4AD7-942F-26131048ACA3}.AppStore|iPhone.Build.0 = Release|Any CPU
		{5D7694FD-02EC-4AD7-942F-26131048ACA3}.AppStore|iPhone.Deploy.0 = Release|Any CPU
		{5D7694FD-02EC-4AD7-942F-26131048ACA3}.AppStore|iPhoneSimulator.ActiveCfg = Release|Any CPU
		{5D7694FD-02EC-4AD7-942F-26131048ACA3}.AppStore|iPhoneSimulator.Build.0 = Release|Any CPU
		{5D7694FD-02EC-4AD7-942F-26131048ACA3}.AppStore|iPhoneSimulator.Deploy.0 = Release|Any CPU
		{5D7694FD-02EC-4AD7-942F-26131048ACA3}.AppStore|x64.ActiveCfg = Release|Any CPU
		{5D7694FD-02EC-4AD7-942F-26131048ACA3}.AppStore|x64.Build.0 = Release|Any CPU
		{5D7694FD-02EC-4AD7-942F-26131048ACA3}.AppStore|x64.Deploy.0 = Release|Any CPU
		{5D7694FD-02EC-4AD7-942F-26131048ACA3}.AppStore|x86.ActiveCfg = Release|Any CPU
		{5D7694FD-02EC-4AD7-942F-26131048ACA3}.AppStore|x86.Build.0 = Release|Any CPU
		{5D7694FD-02EC-4AD7-942F-26131048ACA3}.AppStore|x86.Deploy.0 = Release|Any CPU
		{5D7694FD-02EC-4AD7-942F-26131048ACA3}.Debug|Any CPU.ActiveCfg = Debug|Any CPU
		{5D7694FD-02EC-4AD7-942F-26131048ACA3}.Debug|Any CPU.Build.0 = Debug|Any CPU
		{5D7694FD-02EC-4AD7-942F-26131048ACA3}.Debug|Any CPU.Deploy.0 = Debug|Any CPU
		{5D7694FD-02EC-4AD7-942F-26131048ACA3}.Debug|ARM.ActiveCfg = Debug|Any CPU
		{5D7694FD-02EC-4AD7-942F-26131048ACA3}.Debug|ARM.Build.0 = Debug|Any CPU
		{5D7694FD-02EC-4AD7-942F-26131048ACA3}.Debug|ARM.Deploy.0 = Debug|Any CPU
		{5D7694FD-02EC-4AD7-942F-26131048ACA3}.Debug|iPhone.ActiveCfg = Debug|Any CPU
		{5D7694FD-02EC-4AD7-942F-26131048ACA3}.Debug|iPhone.Build.0 = Debug|Any CPU
		{5D7694FD-02EC-4AD7-942F-26131048ACA3}.Debug|iPhone.Deploy.0 = Debug|Any CPU
		{5D7694FD-02EC-4AD7-942F-26131048ACA3}.Debug|iPhoneSimulator.ActiveCfg = Debug|Any CPU
		{5D7694FD-02EC-4AD7-942F-26131048ACA3}.Debug|iPhoneSimulator.Build.0 = Debug|Any CPU
		{5D7694FD-02EC-4AD7-942F-26131048ACA3}.Debug|iPhoneSimulator.Deploy.0 = Debug|Any CPU
		{5D7694FD-02EC-4AD7-942F-26131048ACA3}.Debug|x64.ActiveCfg = Debug|Any CPU
		{5D7694FD-02EC-4AD7-942F-26131048ACA3}.Debug|x64.Build.0 = Debug|Any CPU
		{5D7694FD-02EC-4AD7-942F-26131048ACA3}.Debug|x64.Deploy.0 = Debug|Any CPU
		{5D7694FD-02EC-4AD7-942F-26131048ACA3}.Debug|x86.ActiveCfg = Debug|Any CPU
		{5D7694FD-02EC-4AD7-942F-26131048ACA3}.Debug|x86.Build.0 = Debug|Any CPU
		{5D7694FD-02EC-4AD7-942F-26131048ACA3}.Debug|x86.Deploy.0 = Debug|Any CPU
		{5D7694FD-02EC-4AD7-942F-26131048ACA3}.Release|Any CPU.ActiveCfg = Release|Any CPU
		{5D7694FD-02EC-4AD7-942F-26131048ACA3}.Release|Any CPU.Build.0 = Release|Any CPU
		{5D7694FD-02EC-4AD7-942F-26131048ACA3}.Release|Any CPU.Deploy.0 = Release|Any CPU
		{5D7694FD-02EC-4AD7-942F-26131048ACA3}.Release|ARM.ActiveCfg = Release|Any CPU
		{5D7694FD-02EC-4AD7-942F-26131048ACA3}.Release|ARM.Build.0 = Release|Any CPU
		{5D7694FD-02EC-4AD7-942F-26131048ACA3}.Release|ARM.Deploy.0 = Release|Any CPU
		{5D7694FD-02EC-4AD7-942F-26131048ACA3}.Release|iPhone.ActiveCfg = Release|Any CPU
		{5D7694FD-02EC-4AD7-942F-26131048ACA3}.Release|iPhone.Build.0 = Release|Any CPU
		{5D7694FD-02EC-4AD7-942F-26131048ACA3}.Release|iPhone.Deploy.0 = Release|Any CPU
		{5D7694FD-02EC-4AD7-942F-26131048ACA3}.Release|iPhoneSimulator.ActiveCfg = Release|Any CPU
		{5D7694FD-02EC-4AD7-942F-26131048ACA3}.Release|iPhoneSimulator.Build.0 = Release|Any CPU
		{5D7694FD-02EC-4AD7-942F-26131048ACA3}.Release|iPhoneSimulator.Deploy.0 = Release|Any CPU
		{5D7694FD-02EC-4AD7-942F-26131048ACA3}.Release|x64.ActiveCfg = Release|Any CPU
		{5D7694FD-02EC-4AD7-942F-26131048ACA3}.Release|x64.Build.0 = Release|Any CPU
		{5D7694FD-02EC-4AD7-942F-26131048ACA3}.Release|x64.Deploy.0 = Release|Any CPU
		{5D7694FD-02EC-4AD7-942F-26131048ACA3}.Release|x86.ActiveCfg = Release|Any CPU
		{5D7694FD-02EC-4AD7-942F-26131048ACA3}.Release|x86.Build.0 = Release|Any CPU
		{5D7694FD-02EC-4AD7-942F-26131048ACA3}.Release|x86.Deploy.0 = Release|Any CPU
		{67F2E0A2-9B83-432C-B2A3-DCAF73DFF414}.Ad-Hoc|Any CPU.ActiveCfg = Ad-Hoc|iPhone
		{67F2E0A2-9B83-432C-B2A3-DCAF73DFF414}.Ad-Hoc|Any CPU.Build.0 = Ad-Hoc|iPhone
		{67F2E0A2-9B83-432C-B2A3-DCAF73DFF414}.Ad-Hoc|Any CPU.Deploy.0 = Ad-Hoc|iPhone
		{67F2E0A2-9B83-432C-B2A3-DCAF73DFF414}.Ad-Hoc|ARM.ActiveCfg = Ad-Hoc|iPhone
		{67F2E0A2-9B83-432C-B2A3-DCAF73DFF414}.Ad-Hoc|ARM.Build.0 = Ad-Hoc|iPhone
		{67F2E0A2-9B83-432C-B2A3-DCAF73DFF414}.Ad-Hoc|ARM.Deploy.0 = Ad-Hoc|iPhone
		{67F2E0A2-9B83-432C-B2A3-DCAF73DFF414}.Ad-Hoc|iPhone.ActiveCfg = Ad-Hoc|iPhone
		{67F2E0A2-9B83-432C-B2A3-DCAF73DFF414}.Ad-Hoc|iPhone.Build.0 = Ad-Hoc|iPhone
		{67F2E0A2-9B83-432C-B2A3-DCAF73DFF414}.Ad-Hoc|iPhone.Deploy.0 = Ad-Hoc|iPhone
		{67F2E0A2-9B83-432C-B2A3-DCAF73DFF414}.Ad-Hoc|iPhoneSimulator.ActiveCfg = Ad-Hoc|iPhoneSimulator
		{67F2E0A2-9B83-432C-B2A3-DCAF73DFF414}.Ad-Hoc|iPhoneSimulator.Build.0 = Ad-Hoc|iPhoneSimulator
		{67F2E0A2-9B83-432C-B2A3-DCAF73DFF414}.Ad-Hoc|iPhoneSimulator.Deploy.0 = Ad-Hoc|iPhoneSimulator
		{67F2E0A2-9B83-432C-B2A3-DCAF73DFF414}.Ad-Hoc|x64.ActiveCfg = Ad-Hoc|iPhone
		{67F2E0A2-9B83-432C-B2A3-DCAF73DFF414}.Ad-Hoc|x64.Build.0 = Ad-Hoc|iPhone
		{67F2E0A2-9B83-432C-B2A3-DCAF73DFF414}.Ad-Hoc|x64.Deploy.0 = Ad-Hoc|iPhone
		{67F2E0A2-9B83-432C-B2A3-DCAF73DFF414}.Ad-Hoc|x86.ActiveCfg = Ad-Hoc|iPhone
		{67F2E0A2-9B83-432C-B2A3-DCAF73DFF414}.Ad-Hoc|x86.Build.0 = Ad-Hoc|iPhone
		{67F2E0A2-9B83-432C-B2A3-DCAF73DFF414}.Ad-Hoc|x86.Deploy.0 = Ad-Hoc|iPhone
		{67F2E0A2-9B83-432C-B2A3-DCAF73DFF414}.AppStore|Any CPU.ActiveCfg = AppStore|iPhone
		{67F2E0A2-9B83-432C-B2A3-DCAF73DFF414}.AppStore|Any CPU.Build.0 = AppStore|iPhone
		{67F2E0A2-9B83-432C-B2A3-DCAF73DFF414}.AppStore|Any CPU.Deploy.0 = AppStore|iPhone
		{67F2E0A2-9B83-432C-B2A3-DCAF73DFF414}.AppStore|ARM.ActiveCfg = AppStore|iPhone
		{67F2E0A2-9B83-432C-B2A3-DCAF73DFF414}.AppStore|ARM.Build.0 = AppStore|iPhone
		{67F2E0A2-9B83-432C-B2A3-DCAF73DFF414}.AppStore|ARM.Deploy.0 = AppStore|iPhone
		{67F2E0A2-9B83-432C-B2A3-DCAF73DFF414}.AppStore|iPhone.ActiveCfg = AppStore|iPhone
		{67F2E0A2-9B83-432C-B2A3-DCAF73DFF414}.AppStore|iPhone.Build.0 = AppStore|iPhone
		{67F2E0A2-9B83-432C-B2A3-DCAF73DFF414}.AppStore|iPhone.Deploy.0 = AppStore|iPhone
		{67F2E0A2-9B83-432C-B2A3-DCAF73DFF414}.AppStore|iPhoneSimulator.ActiveCfg = AppStore|iPhoneSimulator
		{67F2E0A2-9B83-432C-B2A3-DCAF73DFF414}.AppStore|iPhoneSimulator.Build.0 = AppStore|iPhoneSimulator
		{67F2E0A2-9B83-432C-B2A3-DCAF73DFF414}.AppStore|iPhoneSimulator.Deploy.0 = AppStore|iPhoneSimulator
		{67F2E0A2-9B83-432C-B2A3-DCAF73DFF414}.AppStore|x64.ActiveCfg = AppStore|iPhone
		{67F2E0A2-9B83-432C-B2A3-DCAF73DFF414}.AppStore|x64.Build.0 = AppStore|iPhone
		{67F2E0A2-9B83-432C-B2A3-DCAF73DFF414}.AppStore|x64.Deploy.0 = AppStore|iPhone
		{67F2E0A2-9B83-432C-B2A3-DCAF73DFF414}.AppStore|x86.ActiveCfg = AppStore|iPhone
		{67F2E0A2-9B83-432C-B2A3-DCAF73DFF414}.AppStore|x86.Build.0 = AppStore|iPhone
		{67F2E0A2-9B83-432C-B2A3-DCAF73DFF414}.AppStore|x86.Deploy.0 = AppStore|iPhone
		{67F2E0A2-9B83-432C-B2A3-DCAF73DFF414}.Debug|Any CPU.ActiveCfg = Debug|iPhoneSimulator
		{67F2E0A2-9B83-432C-B2A3-DCAF73DFF414}.Debug|Any CPU.Build.0 = Debug|iPhoneSimulator
		{67F2E0A2-9B83-432C-B2A3-DCAF73DFF414}.Debug|Any CPU.Deploy.0 = Debug|iPhoneSimulator
		{67F2E0A2-9B83-432C-B2A3-DCAF73DFF414}.Debug|ARM.ActiveCfg = Debug|iPhone
		{67F2E0A2-9B83-432C-B2A3-DCAF73DFF414}.Debug|ARM.Build.0 = Debug|iPhone
		{67F2E0A2-9B83-432C-B2A3-DCAF73DFF414}.Debug|ARM.Deploy.0 = Debug|iPhone
		{67F2E0A2-9B83-432C-B2A3-DCAF73DFF414}.Debug|iPhone.ActiveCfg = Debug|iPhone
		{67F2E0A2-9B83-432C-B2A3-DCAF73DFF414}.Debug|iPhone.Build.0 = Debug|iPhone
		{67F2E0A2-9B83-432C-B2A3-DCAF73DFF414}.Debug|iPhone.Deploy.0 = Debug|iPhone
		{67F2E0A2-9B83-432C-B2A3-DCAF73DFF414}.Debug|iPhoneSimulator.ActiveCfg = Debug|iPhoneSimulator
		{67F2E0A2-9B83-432C-B2A3-DCAF73DFF414}.Debug|iPhoneSimulator.Build.0 = Debug|iPhoneSimulator
		{67F2E0A2-9B83-432C-B2A3-DCAF73DFF414}.Debug|iPhoneSimulator.Deploy.0 = Debug|iPhoneSimulator
		{67F2E0A2-9B83-432C-B2A3-DCAF73DFF414}.Debug|x64.ActiveCfg = Debug|iPhone
		{67F2E0A2-9B83-432C-B2A3-DCAF73DFF414}.Debug|x64.Build.0 = Debug|iPhone
		{67F2E0A2-9B83-432C-B2A3-DCAF73DFF414}.Debug|x64.Deploy.0 = Debug|iPhone
		{67F2E0A2-9B83-432C-B2A3-DCAF73DFF414}.Debug|x86.ActiveCfg = Debug|iPhone
		{67F2E0A2-9B83-432C-B2A3-DCAF73DFF414}.Debug|x86.Build.0 = Debug|iPhone
		{67F2E0A2-9B83-432C-B2A3-DCAF73DFF414}.Debug|x86.Deploy.0 = Debug|iPhone
		{67F2E0A2-9B83-432C-B2A3-DCAF73DFF414}.Release|Any CPU.ActiveCfg = Release|iPhone
		{67F2E0A2-9B83-432C-B2A3-DCAF73DFF414}.Release|Any CPU.Build.0 = Release|iPhone
		{67F2E0A2-9B83-432C-B2A3-DCAF73DFF414}.Release|Any CPU.Deploy.0 = Release|iPhone
		{67F2E0A2-9B83-432C-B2A3-DCAF73DFF414}.Release|ARM.ActiveCfg = Release|iPhone
		{67F2E0A2-9B83-432C-B2A3-DCAF73DFF414}.Release|ARM.Build.0 = Release|iPhone
		{67F2E0A2-9B83-432C-B2A3-DCAF73DFF414}.Release|ARM.Deploy.0 = Release|iPhone
		{67F2E0A2-9B83-432C-B2A3-DCAF73DFF414}.Release|iPhone.ActiveCfg = Release|iPhone
		{67F2E0A2-9B83-432C-B2A3-DCAF73DFF414}.Release|iPhone.Build.0 = Release|iPhone
		{67F2E0A2-9B83-432C-B2A3-DCAF73DFF414}.Release|iPhone.Deploy.0 = Release|iPhone
		{67F2E0A2-9B83-432C-B2A3-DCAF73DFF414}.Release|iPhoneSimulator.ActiveCfg = Release|iPhoneSimulator
		{67F2E0A2-9B83-432C-B2A3-DCAF73DFF414}.Release|iPhoneSimulator.Build.0 = Release|iPhoneSimulator
		{67F2E0A2-9B83-432C-B2A3-DCAF73DFF414}.Release|iPhoneSimulator.Deploy.0 = Release|iPhoneSimulator
		{67F2E0A2-9B83-432C-B2A3-DCAF73DFF414}.Release|x64.ActiveCfg = Release|iPhone
		{67F2E0A2-9B83-432C-B2A3-DCAF73DFF414}.Release|x64.Build.0 = Release|iPhone
		{67F2E0A2-9B83-432C-B2A3-DCAF73DFF414}.Release|x64.Deploy.0 = Release|iPhone
		{67F2E0A2-9B83-432C-B2A3-DCAF73DFF414}.Release|x86.ActiveCfg = Release|iPhone
		{67F2E0A2-9B83-432C-B2A3-DCAF73DFF414}.Release|x86.Build.0 = Release|iPhone
		{67F2E0A2-9B83-432C-B2A3-DCAF73DFF414}.Release|x86.Deploy.0 = Release|iPhone
		{0071D077-746D-4498-9BC9-EC3245F89874}.Ad-Hoc|Any CPU.ActiveCfg = Release|x86
		{0071D077-746D-4498-9BC9-EC3245F89874}.Ad-Hoc|Any CPU.Build.0 = Release|x86
		{0071D077-746D-4498-9BC9-EC3245F89874}.Ad-Hoc|Any CPU.Deploy.0 = Release|x86
		{0071D077-746D-4498-9BC9-EC3245F89874}.Ad-Hoc|ARM.ActiveCfg = Release|ARM
		{0071D077-746D-4498-9BC9-EC3245F89874}.Ad-Hoc|ARM.Build.0 = Release|ARM
		{0071D077-746D-4498-9BC9-EC3245F89874}.Ad-Hoc|ARM.Deploy.0 = Release|ARM
		{0071D077-746D-4498-9BC9-EC3245F89874}.Ad-Hoc|iPhone.ActiveCfg = Release|x86
		{0071D077-746D-4498-9BC9-EC3245F89874}.Ad-Hoc|iPhone.Build.0 = Release|x86
		{0071D077-746D-4498-9BC9-EC3245F89874}.Ad-Hoc|iPhone.Deploy.0 = Release|x86
		{0071D077-746D-4498-9BC9-EC3245F89874}.Ad-Hoc|iPhoneSimulator.ActiveCfg = Release|x86
		{0071D077-746D-4498-9BC9-EC3245F89874}.Ad-Hoc|iPhoneSimulator.Build.0 = Release|x86
		{0071D077-746D-4498-9BC9-EC3245F89874}.Ad-Hoc|iPhoneSimulator.Deploy.0 = Release|x86
		{0071D077-746D-4498-9BC9-EC3245F89874}.Ad-Hoc|x64.ActiveCfg = Release|x64
		{0071D077-746D-4498-9BC9-EC3245F89874}.Ad-Hoc|x64.Build.0 = Release|x64
		{0071D077-746D-4498-9BC9-EC3245F89874}.Ad-Hoc|x64.Deploy.0 = Release|x64
		{0071D077-746D-4498-9BC9-EC3245F89874}.Ad-Hoc|x86.ActiveCfg = Release|x86
		{0071D077-746D-4498-9BC9-EC3245F89874}.Ad-Hoc|x86.Build.0 = Release|x86
		{0071D077-746D-4498-9BC9-EC3245F89874}.Ad-Hoc|x86.Deploy.0 = Release|x86
		{0071D077-746D-4498-9BC9-EC3245F89874}.AppStore|Any CPU.ActiveCfg = Release|x86
		{0071D077-746D-4498-9BC9-EC3245F89874}.AppStore|Any CPU.Build.0 = Release|x86
		{0071D077-746D-4498-9BC9-EC3245F89874}.AppStore|Any CPU.Deploy.0 = Release|x86
		{0071D077-746D-4498-9BC9-EC3245F89874}.AppStore|ARM.ActiveCfg = Release|ARM
		{0071D077-746D-4498-9BC9-EC3245F89874}.AppStore|ARM.Build.0 = Release|ARM
		{0071D077-746D-4498-9BC9-EC3245F89874}.AppStore|ARM.Deploy.0 = Release|ARM
		{0071D077-746D-4498-9BC9-EC3245F89874}.AppStore|iPhone.ActiveCfg = Release|x86
		{0071D077-746D-4498-9BC9-EC3245F89874}.AppStore|iPhone.Build.0 = Release|x86
		{0071D077-746D-4498-9BC9-EC3245F89874}.AppStore|iPhone.Deploy.0 = Release|x86
		{0071D077-746D-4498-9BC9-EC3245F89874}.AppStore|iPhoneSimulator.ActiveCfg = Release|x86
		{0071D077-746D-4498-9BC9-EC3245F89874}.AppStore|iPhoneSimulator.Build.0 = Release|x86
		{0071D077-746D-4498-9BC9-EC3245F89874}.AppStore|iPhoneSimulator.Deploy.0 = Release|x86
		{0071D077-746D-4498-9BC9-EC3245F89874}.AppStore|x64.ActiveCfg = Release|x64
		{0071D077-746D-4498-9BC9-EC3245F89874}.AppStore|x64.Build.0 = Release|x64
		{0071D077-746D-4498-9BC9-EC3245F89874}.AppStore|x64.Deploy.0 = Release|x64
		{0071D077-746D-4498-9BC9-EC3245F89874}.AppStore|x86.ActiveCfg = Release|x86
		{0071D077-746D-4498-9BC9-EC3245F89874}.AppStore|x86.Build.0 = Release|x86
		{0071D077-746D-4498-9BC9-EC3245F89874}.AppStore|x86.Deploy.0 = Release|x86
		{0071D077-746D-4498-9BC9-EC3245F89874}.Debug|Any CPU.ActiveCfg = Debug|x86
		{0071D077-746D-4498-9BC9-EC3245F89874}.Debug|Any CPU.Build.0 = Debug|x86
		{0071D077-746D-4498-9BC9-EC3245F89874}.Debug|Any CPU.Deploy.0 = Debug|x86
		{0071D077-746D-4498-9BC9-EC3245F89874}.Debug|ARM.ActiveCfg = Debug|ARM
		{0071D077-746D-4498-9BC9-EC3245F89874}.Debug|ARM.Build.0 = Debug|ARM
		{0071D077-746D-4498-9BC9-EC3245F89874}.Debug|ARM.Deploy.0 = Debug|ARM
		{0071D077-746D-4498-9BC9-EC3245F89874}.Debug|iPhone.ActiveCfg = Debug|x86
		{0071D077-746D-4498-9BC9-EC3245F89874}.Debug|iPhone.Build.0 = Debug|x86
		{0071D077-746D-4498-9BC9-EC3245F89874}.Debug|iPhone.Deploy.0 = Debug|x86
		{0071D077-746D-4498-9BC9-EC3245F89874}.Debug|iPhoneSimulator.ActiveCfg = Debug|x86
		{0071D077-746D-4498-9BC9-EC3245F89874}.Debug|iPhoneSimulator.Build.0 = Debug|x86
		{0071D077-746D-4498-9BC9-EC3245F89874}.Debug|iPhoneSimulator.Deploy.0 = Debug|x86
		{0071D077-746D-4498-9BC9-EC3245F89874}.Debug|x64.ActiveCfg = Debug|x64
		{0071D077-746D-4498-9BC9-EC3245F89874}.Debug|x64.Build.0 = Debug|x64
		{0071D077-746D-4498-9BC9-EC3245F89874}.Debug|x64.Deploy.0 = Debug|x64
		{0071D077-746D-4498-9BC9-EC3245F89874}.Debug|x86.ActiveCfg = Debug|x86
		{0071D077-746D-4498-9BC9-EC3245F89874}.Debug|x86.Build.0 = Debug|x86
		{0071D077-746D-4498-9BC9-EC3245F89874}.Debug|x86.Deploy.0 = Debug|x86
		{0071D077-746D-4498-9BC9-EC3245F89874}.Release|Any CPU.ActiveCfg = Release|x86
		{0071D077-746D-4498-9BC9-EC3245F89874}.Release|Any CPU.Build.0 = Release|x86
		{0071D077-746D-4498-9BC9-EC3245F89874}.Release|Any CPU.Deploy.0 = Release|x86
		{0071D077-746D-4498-9BC9-EC3245F89874}.Release|ARM.ActiveCfg = Release|ARM
		{0071D077-746D-4498-9BC9-EC3245F89874}.Release|ARM.Build.0 = Release|ARM
		{0071D077-746D-4498-9BC9-EC3245F89874}.Release|ARM.Deploy.0 = Release|ARM
		{0071D077-746D-4498-9BC9-EC3245F89874}.Release|iPhone.ActiveCfg = Release|x86
		{0071D077-746D-4498-9BC9-EC3245F89874}.Release|iPhone.Build.0 = Release|x86
		{0071D077-746D-4498-9BC9-EC3245F89874}.Release|iPhone.Deploy.0 = Release|x86
		{0071D077-746D-4498-9BC9-EC3245F89874}.Release|iPhoneSimulator.ActiveCfg = Release|x86
		{0071D077-746D-4498-9BC9-EC3245F89874}.Release|iPhoneSimulator.Build.0 = Release|x86
		{0071D077-746D-4498-9BC9-EC3245F89874}.Release|iPhoneSimulator.Deploy.0 = Release|x86
		{0071D077-746D-4498-9BC9-EC3245F89874}.Release|x64.ActiveCfg = Release|x64
		{0071D077-746D-4498-9BC9-EC3245F89874}.Release|x64.Build.0 = Release|x64
		{0071D077-746D-4498-9BC9-EC3245F89874}.Release|x64.Deploy.0 = Release|x64
		{0071D077-746D-4498-9BC9-EC3245F89874}.Release|x86.ActiveCfg = Release|x86
		{0071D077-746D-4498-9BC9-EC3245F89874}.Release|x86.Build.0 = Release|x86
		{0071D077-746D-4498-9BC9-EC3245F89874}.Release|x86.Deploy.0 = Release|x86
	EndGlobalSection
	GlobalSection(SolutionProperties) = preSolution
		HideSolutionNode = FALSE
	EndGlobalSection
	GlobalSection(ExtensibilityGlobals) = postSolution
		SolutionGuid = {30B22383-6FCC-48C6-8767-1A462C707E46}
	EndGlobalSection
EndGlobal
